
Microsoft Visual Studio Solution File, Format Version 12.00
# Visual Studio Version 16
VisualStudioVersion = 16.0.30204.135
MinimumVisualStudioVersion = 10.0.40219.1
Project("{9A19103F-16F7-4668-BE54-9A1E7A4F7556}") = "OutOfHome.Models", "OutOfHome.Models\OutOfHome.Models.csproj", "{DCFD762B-75BE-44A4-8AF7-AF3903AE5E45}"
EndProject
Project("{9A19103F-16F7-4668-BE54-9A1E7A4F7556}") = "OutOfHome.Exports.Excel", "OutOfHome.Exports.Excel\OutOfHome.Exports.Excel.csproj", "{C490B922-2970-4540-B13E-E45A6088304D}"
EndProject
Project("{2150E333-8FDC-42A3-9474-1A3956D46DE8}") = "Solution Items", "Solution Items", "{79E3FC7F-7EA1-4DB3-9DFA-99DA420D7680}"
	ProjectSection(SolutionItems) = preProject
		.editorconfig = .editorconfig
	EndProjectSection
EndProject
Project("{9A19103F-16F7-4668-BE54-9A1E7A4F7556}") = "OutOfHome.Helpers.FieldsNormalizer", "OutOfHome.Helpers.FieldsNormalizer\OutOfHome.Helpers.FieldsNormalizer.csproj", "{8D237206-BC4B-4A91-9D35-5E78E6A68AD0}"
EndProject
Project("{9A19103F-16F7-4668-BE54-9A1E7A4F7556}") = "OutOfHome.Exports", "OutOfHome.Exports\OutOfHome.Exports.csproj", "{81DA5DC0-8FE6-4ADB-B9A0-20A9423203EC}"
EndProject
Project("{9A19103F-16F7-4668-BE54-9A1E7A4F7556}") = "OutOfHome.Exports.GoogleMaps", "OutOfHome.Exports.GoogleMaps\OutOfHome.Exports.GoogleMaps.csproj", "{EA7647E6-8102-4B24-B586-0AEFDCB21486}"
EndProject
Project("{9A19103F-16F7-4668-BE54-9A1E7A4F7556}") = "OutOfHome.Helpers.Cities", "OutOfHome.Helpers.Cities\OutOfHome.Helpers.Cities.csproj", "{98CF65FD-80A0-44E8-9DAA-50F7EA7FEE94}"
EndProject
Project("{9A19103F-16F7-4668-BE54-9A1E7A4F7556}") = "OutOfHome.Imports.Excel", "OutOfHome.Imports.Excel\OutOfHome.Imports.Excel.csproj", "{1A355982-AA8D-499D-88F2-6DB0E959D40F}"
EndProject
Project("{9A19103F-16F7-4668-BE54-9A1E7A4F7556}") = "OutOfHome.Pois", "OutOfHome.Pois\OutOfHome.Pois.csproj", "{DBF30F0C-F4BB-46B5-B656-A7F1E96DEAAF}"
EndProject
Project("{9A19103F-16F7-4668-BE54-9A1E7A4F7556}") = "OutOfHome.PoisTests", "OutOfHome.PoisTests\OutOfHome.PoisTests.csproj", "{B5E2B219-7257-45C8-ADDC-653A0D149DEA}"
EndProject
Project("{9A19103F-16F7-4668-BE54-9A1E7A4F7556}") = "OutOfHome.DataProviders.Boards", "OutOfHome.DataProviders.Boards\OutOfHome.DataProviders.Boards.csproj", "{FF8E8890-4C65-4DCB-843C-0558952E4F23}"
EndProject
Project("{FAE04EC0-301F-11D3-BF4B-00C04F79EFBC}") = "OutOfHome.DataProviders.Boards.Grids", "OutOfHome.DataProviders.Boards.Grids\OutOfHome.DataProviders.Boards.Grids.csproj", "{A5D37FF3-CD33-44F0-B8C1-8FEDB2600207}"
EndProject
Project("{FAE04EC0-301F-11D3-BF4B-00C04F79EFBC}") = "OutOfHome.DataProviders.Boards.Doors", "OutOfHome.DataProviders.Boards.Doors\OutOfHome.DataProviders.Boards.Doors.csproj", "{0B33D0A9-55AD-4704-8CA2-A79671F3C2D2}"
EndProject
Global
	GlobalSection(SolutionConfigurationPlatforms) = preSolution
		Debug|Any CPU = Debug|Any CPU
		Release|Any CPU = Release|Any CPU
	EndGlobalSection
	GlobalSection(ProjectConfigurationPlatforms) = postSolution
		{DCFD762B-75BE-44A4-8AF7-AF3903AE5E45}.Debug|Any CPU.ActiveCfg = Debug|Any CPU
		{DCFD762B-75BE-44A4-8AF7-AF3903AE5E45}.Debug|Any CPU.Build.0 = Debug|Any CPU
		{DCFD762B-75BE-44A4-8AF7-AF3903AE5E45}.Release|Any CPU.ActiveCfg = Release|Any CPU
		{DCFD762B-75BE-44A4-8AF7-AF3903AE5E45}.Release|Any CPU.Build.0 = Release|Any CPU
		{C490B922-2970-4540-B13E-E45A6088304D}.Debug|Any CPU.ActiveCfg = Debug|Any CPU
		{C490B922-2970-4540-B13E-E45A6088304D}.Debug|Any CPU.Build.0 = Debug|Any CPU
		{C490B922-2970-4540-B13E-E45A6088304D}.Release|Any CPU.ActiveCfg = Release|Any CPU
		{C490B922-2970-4540-B13E-E45A6088304D}.Release|Any CPU.Build.0 = Release|Any CPU
		{8D237206-BC4B-4A91-9D35-5E78E6A68AD0}.Debug|Any CPU.ActiveCfg = Debug|Any CPU
		{8D237206-BC4B-4A91-9D35-5E78E6A68AD0}.Debug|Any CPU.Build.0 = Debug|Any CPU
		{8D237206-BC4B-4A91-9D35-5E78E6A68AD0}.Release|Any CPU.ActiveCfg = Release|Any CPU
		{8D237206-BC4B-4A91-9D35-5E78E6A68AD0}.Release|Any CPU.Build.0 = Release|Any CPU
		{81DA5DC0-8FE6-4ADB-B9A0-20A9423203EC}.Debug|Any CPU.ActiveCfg = Debug|Any CPU
		{81DA5DC0-8FE6-4ADB-B9A0-20A9423203EC}.Debug|Any CPU.Build.0 = Debug|Any CPU
		{81DA5DC0-8FE6-4ADB-B9A0-20A9423203EC}.Release|Any CPU.ActiveCfg = Release|Any CPU
		{81DA5DC0-8FE6-4ADB-B9A0-20A9423203EC}.Release|Any CPU.Build.0 = Release|Any CPU
		{EA7647E6-8102-4B24-B586-0AEFDCB21486}.Debug|Any CPU.ActiveCfg = Debug|Any CPU
		{EA7647E6-8102-4B24-B586-0AEFDCB21486}.Debug|Any CPU.Build.0 = Debug|Any CPU
		{EA7647E6-8102-4B24-B586-0AEFDCB21486}.Release|Any CPU.ActiveCfg = Release|Any CPU
		{EA7647E6-8102-4B24-B586-0AEFDCB21486}.Release|Any CPU.Build.0 = Release|Any CPU
		{98CF65FD-80A0-44E8-9DAA-50F7EA7FEE94}.Debug|Any CPU.ActiveCfg = Debug|Any CPU
		{98CF65FD-80A0-44E8-9DAA-50F7EA7FEE94}.Debug|Any CPU.Build.0 = Debug|Any CPU
		{98CF65FD-80A0-44E8-9DAA-50F7EA7FEE94}.Release|Any CPU.ActiveCfg = Release|Any CPU
		{98CF65FD-80A0-44E8-9DAA-50F7EA7FEE94}.Release|Any CPU.Build.0 = Release|Any CPU
		{1A355982-AA8D-499D-88F2-6DB0E959D40F}.Debug|Any CPU.ActiveCfg = Debug|Any CPU
		{1A355982-AA8D-499D-88F2-6DB0E959D40F}.Debug|Any CPU.Build.0 = Debug|Any CPU
		{1A355982-AA8D-499D-88F2-6DB0E959D40F}.Release|Any CPU.ActiveCfg = Release|Any CPU
		{1A355982-AA8D-499D-88F2-6DB0E959D40F}.Release|Any CPU.Build.0 = Release|Any CPU
		{DBF30F0C-F4BB-46B5-B656-A7F1E96DEAAF}.Debug|Any CPU.ActiveCfg = Debug|Any CPU
		{DBF30F0C-F4BB-46B5-B656-A7F1E96DEAAF}.Debug|Any CPU.Build.0 = Debug|Any CPU
		{DBF30F0C-F4BB-46B5-B656-A7F1E96DEAAF}.Release|Any CPU.ActiveCfg = Release|Any CPU
		{DBF30F0C-F4BB-46B5-B656-A7F1E96DEAAF}.Release|Any CPU.Build.0 = Release|Any CPU
		{B5E2B219-7257-45C8-ADDC-653A0D149DEA}.Debug|Any CPU.ActiveCfg = Debug|Any CPU
		{B5E2B219-7257-45C8-ADDC-653A0D149DEA}.Debug|Any CPU.Build.0 = Debug|Any CPU
		{B5E2B219-7257-45C8-ADDC-653A0D149DEA}.Release|Any CPU.ActiveCfg = Release|Any CPU
		{B5E2B219-7257-45C8-ADDC-653A0D149DEA}.Release|Any CPU.Build.0 = Release|Any CPU
		{FF8E8890-4C65-4DCB-843C-0558952E4F23}.Debug|Any CPU.ActiveCfg = Debug|Any CPU
		{FF8E8890-4C65-4DCB-843C-0558952E4F23}.Debug|Any CPU.Build.0 = Debug|Any CPU
		{FF8E8890-4C65-4DCB-843C-0558952E4F23}.Release|Any CPU.ActiveCfg = Release|Any CPU
		{FF8E8890-4C65-4DCB-843C-0558952E4F23}.Release|Any CPU.Build.0 = Release|Any CPU
		{A5D37FF3-CD33-44F0-B8C1-8FEDB2600207}.Debug|Any CPU.ActiveCfg = Debug|Any CPU
		{A5D37FF3-CD33-44F0-B8C1-8FEDB2600207}.Debug|Any CPU.Build.0 = Debug|Any CPU
		{A5D37FF3-CD33-44F0-B8C1-8FEDB2600207}.Release|Any CPU.ActiveCfg = Release|Any CPU
		{A5D37FF3-CD33-44F0-B8C1-8FEDB2600207}.Release|Any CPU.Build.0 = Release|Any CPU
		{0B33D0A9-55AD-4704-8CA2-A79671F3C2D2}.Debug|Any CPU.ActiveCfg = Debug|Any CPU
		{0B33D0A9-55AD-4704-8CA2-A79671F3C2D2}.Debug|Any CPU.Build.0 = Debug|Any CPU
		{0B33D0A9-55AD-4704-8CA2-A79671F3C2D2}.Release|Any CPU.ActiveCfg = Release|Any CPU
		{0B33D0A9-55AD-4704-8CA2-A79671F3C2D2}.Release|Any CPU.Build.0 = Release|Any CPU
	EndGlobalSection
	GlobalSection(SolutionProperties) = preSolution
		HideSolutionNode = FALSE
	EndGlobalSection
	GlobalSection(ExtensibilityGlobals) = postSolution
		SolutionGuid = {E803F523-ACAD-4084-B307-AAA8D494D60D}
	EndGlobalSection
EndGlobal
